
Microsoft Visual Studio Solution File, Format Version 12.00
# Visual Studio Version 17
VisualStudioVersion = 17.11.35327.3
MinimumVisualStudioVersion = 10.0.40219.1
Project("{9A19103F-16F7-4668-BE54-9A1E7A4F7556}") = "My Project.Weblog", "My Project.Weblog\My Project.Weblog.csproj", "{A76C0064-D307-47C8-B076-DC9ABE9716E7}"
EndProject
Project("{9A19103F-16F7-4668-BE54-9A1E7A4F7556}") = "DataLayer", "DataLayer\DataLayer.csproj", "{1D292D62-94D2-4EAD-8D3C-7680B89A14B4}"
EndProject
Project("{9A19103F-16F7-4668-BE54-9A1E7A4F7556}") = "CoreLayer", "CoreLayer\CoreLayer.csproj", "{D2DCE428-3956-4107-BB9D-F54C83BF5723}"
EndProject
Global
	GlobalSection(SolutionConfigurationPlatforms) = preSolution
		Debug|Any CPU = Debug|Any CPU
		Release|Any CPU = Release|Any CPU
	EndGlobalSection
	GlobalSection(ProjectConfigurationPlatforms) = postSolution
		{A76C0064-D307-47C8-B076-DC9ABE9716E7}.Debug|Any CPU.ActiveCfg = Debug|Any CPU
		{A76C0064-D307-47C8-B076-DC9ABE9716E7}.Debug|Any CPU.Build.0 = Debug|Any CPU
		{A76C0064-D307-47C8-B076-DC9ABE9716E7}.Release|Any CPU.ActiveCfg = Release|Any CPU
		{A76C0064-D307-47C8-B076-DC9ABE9716E7}.Release|Any CPU.Build.0 = Release|Any CPU
		{1D292D62-94D2-4EAD-8D3C-7680B89A14B4}.Debug|Any CPU.ActiveCfg = Debug|Any CPU
		{1D292D62-94D2-4EAD-8D3C-7680B89A14B4}.Debug|Any CPU.Build.0 = Debug|Any CPU
		{1D292D62-94D2-4EAD-8D3C-7680B89A14B4}.Release|Any CPU.ActiveCfg = Release|Any CPU
		{1D292D62-94D2-4EAD-8D3C-7680B89A14B4}.Release|Any CPU.Build.0 = Release|Any CPU
		{D2DCE428-3956-4107-BB9D-F54C83BF5723}.Debug|Any CPU.ActiveCfg = Debug|Any CPU
		{D2DCE428-3956-4107-BB9D-F54C83BF5723}.Debug|Any CPU.Build.0 = Debug|Any CPU
		{D2DCE428-3956-4107-BB9D-F54C83BF5723}.Release|Any CPU.ActiveCfg = Release|Any CPU
		{D2DCE428-3956-4107-BB9D-F54C83BF5723}.Release|Any CPU.Build.0 = Release|Any CPU
	EndGlobalSection
	GlobalSection(SolutionProperties) = preSolution
		HideSolutionNode = FALSE
	EndGlobalSection
	GlobalSection(ExtensibilityGlobals) = postSolution
		SolutionGuid = {EE4E4B37-1F55-4E29-A85D-CE77BE20F031}
	EndGlobalSection
EndGlobal
